
Microsoft Visual Studio Solution File, Format Version 12.00
# Visual Studio Version 17
VisualStudioVersion = 17.7.33711.374
MinimumVisualStudioVersion = 10.0.40219.1
Project("{FAE04EC0-301F-11D3-BF4B-00C04F79EFBC}") = "MauiDataGridSample", "MauiDataGridSample\MauiDataGridSample.csproj", "{142753B7-0D11-484C-B296-73444E9BDA9C}"
EndProject
Global
	GlobalSection(SolutionConfigurationPlatforms) = preSolution
		Debug|Any CPU = Debug|Any CPU
		Release|Any CPU = Release|Any CPU
	EndGlobalSection
	GlobalSection(ProjectConfigurationPlatforms) = postSolution
		{142753B7-0D11-484C-B296-73444E9BDA9C}.Debug|Any CPU.ActiveCfg = Debug|Any CPU
		{142753B7-0D11-484C-B296-73444E9BDA9C}.Debug|Any CPU.Build.0 = Debug|Any CPU
		{142753B7-0D11-484C-B296-73444E9BDA9C}.Debug|Any CPU.Deploy.0 = Debug|Any CPU
		{142753B7-0D11-484C-B296-73444E9BDA9C}.Release|Any CPU.ActiveCfg = Release|Any CPU
		{142753B7-0D11-484C-B296-73444E9BDA9C}.Release|Any CPU.Build.0 = Release|Any CPU
		{142753B7-0D11-484C-B296-73444E9BDA9C}.Release|Any CPU.Deploy.0 = Release|Any CPU
	EndGlobalSection
	GlobalSection(SolutionProperties) = preSolution
		HideSolutionNode = FALSE
	EndGlobalSection
	GlobalSection(ExtensibilityGlobals) = postSolution
		SolutionGuid = {F9B051D6-158E-414C-91DA-26DE131C9BE2}
	EndGlobalSection
EndGlobal
